
Microsoft Visual Studio Solution File, Format Version 12.00
# Visual Studio Version 17
VisualStudioVersion = 17.12.35707.178 d17.12
MinimumVisualStudioVersion = 10.0.40219.1
Project("{FAE04EC0-301F-11D3-BF4B-00C04F79EFBC}") = "VRR-Inbound-File-Generator", "VRR-Inbound-File-Generator.csproj", "{D4485ADA-6EEB-4D77-BE7C-14E571727B36}"
EndProject
Global
	GlobalSection(SolutionConfigurationPlatforms) = preSolution
		Debug|Any CPU = Debug|Any CPU
		Release|Any CPU = Release|Any CPU
	EndGlobalSection
	GlobalSection(ProjectConfigurationPlatforms) = postSolution
		{D4485ADA-6EEB-4D77-BE7C-14E571727B36}.Debug|Any CPU.ActiveCfg = Debug|Any CPU
		{D4485ADA-6EEB-4D77-BE7C-14E571727B36}.Debug|Any CPU.Build.0 = Debug|Any CPU
		{D4485ADA-6EEB-4D77-BE7C-14E571727B36}.Release|Any CPU.ActiveCfg = Release|Any CPU
		{D4485ADA-6EEB-4D77-BE7C-14E571727B36}.Release|Any CPU.Build.0 = Release|Any CPU
	EndGlobalSection
	GlobalSection(SolutionProperties) = preSolution
		HideSolutionNode = FALSE
	EndGlobalSection
EndGlobal
